{
  "name": "kpop-livestream-platform",
  "lockfileVersion": 3,
  "requires": true,
  "packages": {
    "": {
      "dependencies": {
        "daisyui": "^5.0.37",
        "tailwindcss": "^4.1.7"
      }
    },
    "node_modules/daisyui": {
      "version": "5.0.37",
      "resolved": "https://registry.npmjs.org/daisyui/-/daisyui-5.0.37.tgz",
      "integrity": "sha512-PLc+MhWAqTwolygEGPDi+ac+OsFqIt9nZylTIiyVlEx8loYL7Pt7hNWb8cp5pQQ9dhjYnda1ERiuM6OsJmvPGw==",
      "license": "MIT",
      "funding": {
        "url": "https://github.com/saadeghi/daisyui?sponsor=1"
      }
    },
    "node_modules/tailwindcss": {
      "version": "4.1.7",
      "resolved": "https://registry.npmjs.org/tailwindcss/-/tailwindcss-4.1.7.tgz",
      "integrity": "sha512-kr1o/ErIdNhTz8uzAYL7TpaUuzKIE6QPQ4qmSdxnoX/lo+5wmUHQA6h3L5yIqEImSRnAAURDirLu/BgiXGPAhg==",
      "license": "MIT"
    }
  }
}
